
Microsoft Visual Studio Solution File, Format Version 12.00
# Visual Studio Version 16
VisualStudioVersion = 16.0.30503.244
MinimumVisualStudioVersion = 10.0.40219.1
Project("{FAE04EC0-301F-11D3-BF4B-00C04F79EFBC}") = "TallerInterfazz", "TallerInterfazz\TallerInterfazz.csproj", "{8421C33C-63CF-4CB4-8DF2-F5BCF225E49D}"
EndProject
Global
	GlobalSection(SolutionConfigurationPlatforms) = preSolution
		Debug|Any CPU = Debug|Any CPU
		Release|Any CPU = Release|Any CPU
	EndGlobalSection
	GlobalSection(ProjectConfigurationPlatforms) = postSolution
		{8421C33C-63CF-4CB4-8DF2-F5BCF225E49D}.Debug|Any CPU.ActiveCfg = Debug|Any CPU
		{8421C33C-63CF-4CB4-8DF2-F5BCF225E49D}.Debug|Any CPU.Build.0 = Debug|Any CPU
		{8421C33C-63CF-4CB4-8DF2-F5BCF225E49D}.Release|Any CPU.ActiveCfg = Release|Any CPU
		{8421C33C-63CF-4CB4-8DF2-F5BCF225E49D}.Release|Any CPU.Build.0 = Release|Any CPU
	EndGlobalSection
	GlobalSection(SolutionProperties) = preSolution
		HideSolutionNode = FALSE
	EndGlobalSection
	GlobalSection(ExtensibilityGlobals) = postSolution
		SolutionGuid = {52F62A9D-D413-4761-86C9-F1D5CAEBD9CB}
	EndGlobalSection
EndGlobal
